
Microsoft Visual Studio Solution File, Format Version 12.00
# Visual Studio Version 17
VisualStudioVersion = 17.7.34018.315
MinimumVisualStudioVersion = 10.0.40219.1
Project("{2150E333-8FDC-42A3-9474-1A3956D46DE8}") = "00_Presentation", "00_Presentation", "{55179DF1-A660-402A-866D-8BF75A1C978C}"
EndProject
Project("{2150E333-8FDC-42A3-9474-1A3956D46DE8}") = "02_Services", "02_Services", "{65BCB6F0-5B45-48B1-96AB-2DD8C2706AC9}"
EndProject
Project("{2150E333-8FDC-42A3-9474-1A3956D46DE8}") = "03_Application", "03_Application", "{5EFB7365-866E-49C3-BAE2-2B936FADE11C}"
EndProject
Project("{2150E333-8FDC-42A3-9474-1A3956D46DE8}") = "04_Domain", "04_Domain", "{8436EEFD-6BC1-44D6-A95F-33A947B6D321}"
EndProject
Project("{2150E333-8FDC-42A3-9474-1A3956D46DE8}") = "05_Infra", "05_Infra", "{37550B1B-C40F-4824-B5F1-CBD518A5D2C2}"
EndProject
Project("{2150E333-8FDC-42A3-9474-1A3956D46DE8}") = "5.1_Data", "5.1_Data", "{53E04F85-6F30-4212-AD59-8DB9F7F8C552}"
EndProject
Project("{2150E333-8FDC-42A3-9474-1A3956D46DE8}") = "5.2_CrossCutting", "5.2_CrossCutting", "{BB9DA911-31FC-48AE-9960-41D2ACCAF853}"
EndProject
Project("{9A19103F-16F7-4668-BE54-9A1E7A4F7556}") = "MOA.Application", "src\MOA.Application\MOA.Application.csproj", "{77A49A61-38AA-4768-9F3F-444B661C4A0F}"
EndProject
Project("{9A19103F-16F7-4668-BE54-9A1E7A4F7556}") = "MOA.Infra.Data", "src\MOA.Infra.Data\MOA.Infra.Data.csproj", "{6D953F0C-5705-4E22-8418-A6B86D6CC703}"
EndProject
Project("{9A19103F-16F7-4668-BE54-9A1E7A4F7556}") = "MOA.API", "src\MOA.API\MOA.API.csproj", "{660B2E7E-6D6C-42E0-A842-94F7C24FCBB6}"
EndProject
Project("{9A19103F-16F7-4668-BE54-9A1E7A4F7556}") = "MOA.Domain", "src\MOA.Domain\MOA.Domain.csproj", "{CE96A5B4-3931-49A3-B4C3-294C4135CD6B}"
EndProject
Project("{9A19103F-16F7-4668-BE54-9A1E7A4F7556}") = "MOA.Infra.CrossCutting.IoC", "src\MOA.Infra.CrossCutting.IoC\MOA.Infra.CrossCutting.IoC.csproj", "{A6269E86-D7BE-426D-9BDA-235FD9F70313}"
EndProject
Project("{9A19103F-16F7-4668-BE54-9A1E7A4F7556}") = "MOA.Infra.CrossCutting.Logging", "src\MOA.Infra.CrossCutting.Logging\MOA.Infra.CrossCutting.Logging.csproj", "{CA0FA59F-7C35-48D0-9187-2B4D6D80AAFA}"
EndProject
Project("{9A19103F-16F7-4668-BE54-9A1E7A4F7556}") = "MOA.Infra.CrossCutting.MvcFilters", "src\MOA.Infra.CrossCutting.MvcFilters\MOA.Infra.CrossCutting.MvcFilters.csproj", "{E5DB2215-5458-4F6B-81B5-39AA54B0B043}"
EndProject
Global
	GlobalSection(SolutionConfigurationPlatforms) = preSolution
		Debug|Any CPU = Debug|Any CPU
		Release|Any CPU = Release|Any CPU
	EndGlobalSection
	GlobalSection(ProjectConfigurationPlatforms) = postSolution
		{77A49A61-38AA-4768-9F3F-444B661C4A0F}.Debug|Any CPU.ActiveCfg = Debug|Any CPU
		{77A49A61-38AA-4768-9F3F-444B661C4A0F}.Debug|Any CPU.Build.0 = Debug|Any CPU
		{77A49A61-38AA-4768-9F3F-444B661C4A0F}.Release|Any CPU.ActiveCfg = Release|Any CPU
		{77A49A61-38AA-4768-9F3F-444B661C4A0F}.Release|Any CPU.Build.0 = Release|Any CPU
		{6D953F0C-5705-4E22-8418-A6B86D6CC703}.Debug|Any CPU.ActiveCfg = Debug|Any CPU
		{6D953F0C-5705-4E22-8418-A6B86D6CC703}.Debug|Any CPU.Build.0 = Debug|Any CPU
		{6D953F0C-5705-4E22-8418-A6B86D6CC703}.Release|Any CPU.ActiveCfg = Release|Any CPU
		{6D953F0C-5705-4E22-8418-A6B86D6CC703}.Release|Any CPU.Build.0 = Release|Any CPU
		{660B2E7E-6D6C-42E0-A842-94F7C24FCBB6}.Debug|Any CPU.ActiveCfg = Debug|Any CPU
		{660B2E7E-6D6C-42E0-A842-94F7C24FCBB6}.Debug|Any CPU.Build.0 = Debug|Any CPU
		{660B2E7E-6D6C-42E0-A842-94F7C24FCBB6}.Release|Any CPU.ActiveCfg = Release|Any CPU
		{660B2E7E-6D6C-42E0-A842-94F7C24FCBB6}.Release|Any CPU.Build.0 = Release|Any CPU
		{CE96A5B4-3931-49A3-B4C3-294C4135CD6B}.Debug|Any CPU.ActiveCfg = Debug|Any CPU
		{CE96A5B4-3931-49A3-B4C3-294C4135CD6B}.Debug|Any CPU.Build.0 = Debug|Any CPU
		{CE96A5B4-3931-49A3-B4C3-294C4135CD6B}.Release|Any CPU.ActiveCfg = Release|Any CPU
		{CE96A5B4-3931-49A3-B4C3-294C4135CD6B}.Release|Any CPU.Build.0 = Release|Any CPU
		{A6269E86-D7BE-426D-9BDA-235FD9F70313}.Debug|Any CPU.ActiveCfg = Debug|Any CPU
		{A6269E86-D7BE-426D-9BDA-235FD9F70313}.Debug|Any CPU.Build.0 = Debug|Any CPU
		{A6269E86-D7BE-426D-9BDA-235FD9F70313}.Release|Any CPU.ActiveCfg = Release|Any CPU
		{A6269E86-D7BE-426D-9BDA-235FD9F70313}.Release|Any CPU.Build.0 = Release|Any CPU
		{CA0FA59F-7C35-48D0-9187-2B4D6D80AAFA}.Debug|Any CPU.ActiveCfg = Debug|Any CPU
		{CA0FA59F-7C35-48D0-9187-2B4D6D80AAFA}.Debug|Any CPU.Build.0 = Debug|Any CPU
		{CA0FA59F-7C35-48D0-9187-2B4D6D80AAFA}.Release|Any CPU.ActiveCfg = Release|Any CPU
		{CA0FA59F-7C35-48D0-9187-2B4D6D80AAFA}.Release|Any CPU.Build.0 = Release|Any CPU
		{E5DB2215-5458-4F6B-81B5-39AA54B0B043}.Debug|Any CPU.ActiveCfg = Debug|Any CPU
		{E5DB2215-5458-4F6B-81B5-39AA54B0B043}.Debug|Any CPU.Build.0 = Debug|Any CPU
		{E5DB2215-5458-4F6B-81B5-39AA54B0B043}.Release|Any CPU.ActiveCfg = Release|Any CPU
		{E5DB2215-5458-4F6B-81B5-39AA54B0B043}.Release|Any CPU.Build.0 = Release|Any CPU
	EndGlobalSection
	GlobalSection(SolutionProperties) = preSolution
		HideSolutionNode = FALSE
	EndGlobalSection
	GlobalSection(NestedProjects) = preSolution
		{53E04F85-6F30-4212-AD59-8DB9F7F8C552} = {37550B1B-C40F-4824-B5F1-CBD518A5D2C2}
		{BB9DA911-31FC-48AE-9960-41D2ACCAF853} = {37550B1B-C40F-4824-B5F1-CBD518A5D2C2}
		{77A49A61-38AA-4768-9F3F-444B661C4A0F} = {5EFB7365-866E-49C3-BAE2-2B936FADE11C}
		{6D953F0C-5705-4E22-8418-A6B86D6CC703} = {53E04F85-6F30-4212-AD59-8DB9F7F8C552}
		{660B2E7E-6D6C-42E0-A842-94F7C24FCBB6} = {65BCB6F0-5B45-48B1-96AB-2DD8C2706AC9}
		{CE96A5B4-3931-49A3-B4C3-294C4135CD6B} = {8436EEFD-6BC1-44D6-A95F-33A947B6D321}
		{A6269E86-D7BE-426D-9BDA-235FD9F70313} = {BB9DA911-31FC-48AE-9960-41D2ACCAF853}
		{CA0FA59F-7C35-48D0-9187-2B4D6D80AAFA} = {BB9DA911-31FC-48AE-9960-41D2ACCAF853}
		{E5DB2215-5458-4F6B-81B5-39AA54B0B043} = {BB9DA911-31FC-48AE-9960-41D2ACCAF853}
	EndGlobalSection
	GlobalSection(ExtensibilityGlobals) = postSolution
		SolutionGuid = {14BCEBF7-FC80-42B6-9047-150AC0FFEFD8}
	EndGlobalSection
EndGlobal
